// !$*UTF8*$!
{
	archiveVersion = 1;
	classes = {
	};
	objectVersion = 56;
	objects = {

/* Begin PBXBuildFile section */
		DB46C2332B6A7F9700303877 /* ModelSchemaV2.swift in Sources */ = {isa = PBXBuildFile; fileRef = DB46C2322B6A7F9700303877 /* ModelSchemaV2.swift */; };
		DB46C2352B6A800C00303877 /* DatabaseMigrationPlan.swift in Sources */ = {isa = PBXBuildFile; fileRef = DB46C2342B6A800C00303877 /* DatabaseMigrationPlan.swift */; };
		DBBD7E492B69025300EA9C61 /* wakkuApp.swift in Sources */ = {isa = PBXBuildFile; fileRef = DBBD7E482B69025300EA9C61 /* wakkuApp.swift */; };
		DBBD7E4D2B69025300EA9C61 /* Assets.xcassets in Resources */ = {isa = PBXBuildFile; fileRef = DBBD7E4C2B69025300EA9C61 /* Assets.xcassets */; };
		DBBD7E502B69025300EA9C61 /* Preview Assets.xcassets in Resources */ = {isa = PBXBuildFile; fileRef = DBBD7E4F2B69025300EA9C61 /* Preview Assets.xcassets */; };
		DBBD7E5B2B6903E400EA9C61 /* ModelSchemaV1.swift in Sources */ = {isa = PBXBuildFile; fileRef = DBBD7E5A2B6903E400EA9C61 /* ModelSchemaV1.swift */; };
		DBBD7E5D2B69056900EA9C61 /* SwiftData+TypeAliases.swift in Sources */ = {isa = PBXBuildFile; fileRef = DBBD7E5C2B69056900EA9C61 /* SwiftData+TypeAliases.swift */; };
		DBBD7E5F2B6906CF00EA9C61 /* EditVideoView.swift in Sources */ = {isa = PBXBuildFile; fileRef = DBBD7E5E2B6906CF00EA9C61 /* EditVideoView.swift */; };
		DBBD7E612B69095800EA9C61 /* VideoListView.swift in Sources */ = {isa = PBXBuildFile; fileRef = DBBD7E602B69095800EA9C61 /* VideoListView.swift */; };
		DBBD7E632B690D0B00EA9C61 /* VideosView.swift in Sources */ = {isa = PBXBuildFile; fileRef = DBBD7E622B690D0B00EA9C61 /* VideosView.swift */; };
/* End PBXBuildFile section */

/* Begin PBXFileReference section */
		DB46C2322B6A7F9700303877 /* ModelSchemaV2.swift */ = {isa = PBXFileReference; lastKnownFileType = sourcecode.swift; path = ModelSchemaV2.swift; sourceTree = "<group>"; };
		DB46C2342B6A800C00303877 /* DatabaseMigrationPlan.swift */ = {isa = PBXFileReference; lastKnownFileType = sourcecode.swift; path = DatabaseMigrationPlan.swift; sourceTree = "<group>"; };
		DBBD7E452B69025300EA9C61 /* wakku.app */ = {isa = PBXFileReference; explicitFileType = wrapper.application; includeInIndex = 0; path = wakku.app; sourceTree = BUILT_PRODUCTS_DIR; };
		DBBD7E482B69025300EA9C61 /* wakkuApp.swift */ = {isa = PBXFileReference; lastKnownFileType = sourcecode.swift; path = wakkuApp.swift; sourceTree = "<group>"; };
		DBBD7E4C2B69025300EA9C61 /* Assets.xcassets */ = {isa = PBXFileReference; lastKnownFileType = folder.assetcatalog; path = Assets.xcassets; sourceTree = "<group>"; };
		DBBD7E4F2B69025300EA9C61 /* Preview Assets.xcassets */ = {isa = PBXFileReference; lastKnownFileType = folder.assetcatalog; path = "Preview Assets.xcassets"; sourceTree = "<group>"; };
		DBBD7E5A2B6903E400EA9C61 /* ModelSchemaV1.swift */ = {isa = PBXFileReference; lastKnownFileType = sourcecode.swift; path = ModelSchemaV1.swift; sourceTree = "<group>"; };
		DBBD7E5C2B69056900EA9C61 /* SwiftData+TypeAliases.swift */ = {isa = PBXFileReference; lastKnownFileType = sourcecode.swift; path = "SwiftData+TypeAliases.swift"; sourceTree = "<group>"; };
		DBBD7E5E2B6906CF00EA9C61 /* EditVideoView.swift */ = {isa = PBXFileReference; lastKnownFileType = sourcecode.swift; path = EditVideoView.swift; sourceTree = "<group>"; };
		DBBD7E602B69095800EA9C61 /* VideoListView.swift */ = {isa = PBXFileReference; lastKnownFileType = sourcecode.swift; path = VideoListView.swift; sourceTree = "<group>"; };
		DBBD7E622B690D0B00EA9C61 /* VideosView.swift */ = {isa = PBXFileReference; lastKnownFileType = sourcecode.swift; path = VideosView.swift; sourceTree = "<group>"; };
/* End PBXFileReference section */

/* Begin PBXFrameworksBuildPhase section */
		DBBD7E422B69025300EA9C61 /* Frameworks */ = {
			isa = PBXFrameworksBuildPhase;
			buildActionMask = 2147483647;
			files = (
			);
			runOnlyForDeploymentPostprocessing = 0;
		};
/* End PBXFrameworksBuildPhase section */

/* Begin PBXGroup section */
		DBBD7E3C2B69025300EA9C61 = {
			isa = PBXGroup;
			children = (
				DBBD7E472B69025300EA9C61 /* wakku */,
				DBBD7E462B69025300EA9C61 /* Products */,
			);
			sourceTree = "<group>";
		};
		DBBD7E462B69025300EA9C61 /* Products */ = {
			isa = PBXGroup;
			children = (
				DBBD7E452B69025300EA9C61 /* wakku.app */,
			);
			name = Products;
			sourceTree = "<group>";
		};
		DBBD7E472B69025300EA9C61 /* wakku */ = {
			isa = PBXGroup;
			children = (
				DBBD7E582B6903A200EA9C61 /* SwiftData */,
				DBBD7E482B69025300EA9C61 /* wakkuApp.swift */,
				DBBD7E5E2B6906CF00EA9C61 /* EditVideoView.swift */,
				DBBD7E602B69095800EA9C61 /* VideoListView.swift */,
				DBBD7E622B690D0B00EA9C61 /* VideosView.swift */,
				DBBD7E4C2B69025300EA9C61 /* Assets.xcassets */,
				DBBD7E4E2B69025300EA9C61 /* Preview Content */,
			);
			path = wakku;
			sourceTree = "<group>";
		};
		DBBD7E4E2B69025300EA9C61 /* Preview Content */ = {
			isa = PBXGroup;
			children = (
				DBBD7E4F2B69025300EA9C61 /* Preview Assets.xcassets */,
			);
			path = "Preview Content";
			sourceTree = "<group>";
		};
		DBBD7E582B6903A200EA9C61 /* SwiftData */ = {
			isa = PBXGroup;
			children = (
				DBBD7E592B6903B100EA9C61 /* ModelSchemas */,
				DBBD7E5C2B69056900EA9C61 /* SwiftData+TypeAliases.swift */,
				DB46C2342B6A800C00303877 /* DatabaseMigrationPlan.swift */,
			);
			path = SwiftData;
			sourceTree = "<group>";
		};
		DBBD7E592B6903B100EA9C61 /* ModelSchemas */ = {
			isa = PBXGroup;
			children = (
				DBBD7E5A2B6903E400EA9C61 /* ModelSchemaV1.swift */,
				DB46C2322B6A7F9700303877 /* ModelSchemaV2.swift */,
			);
			path = ModelSchemas;
			sourceTree = "<group>";
		};
/* End PBXGroup section */

/* Begin PBXNativeTarget section */
		DBBD7E442B69025300EA9C61 /* wakku */ = {
			isa = PBXNativeTarget;
			buildConfigurationList = DBBD7E532B69025300EA9C61 /* Build configuration list for PBXNativeTarget "wakku" */;
			buildPhases = (
				DBBD7E412B69025300EA9C61 /* Sources */,
				DBBD7E422B69025300EA9C61 /* Frameworks */,
				DBBD7E432B69025300EA9C61 /* Resources */,
			);
			buildRules = (
			);
			dependencies = (
			);
			name = wakku;
			productName = wakku;
			productReference = DBBD7E452B69025300EA9C61 /* wakku.app */;
			productType = "com.apple.product-type.application";
		};
/* End PBXNativeTarget section */

/* Begin PBXProject section */
		DBBD7E3D2B69025300EA9C61 /* Project object */ = {
			isa = PBXProject;
			attributes = {
				BuildIndependentTargetsInParallel = 1;
				LastSwiftUpdateCheck = 1510;
				LastUpgradeCheck = 1510;
				TargetAttributes = {
					DBBD7E442B69025300EA9C61 = {
						CreatedOnToolsVersion = 15.1;
					};
				};
			};
			buildConfigurationList = DBBD7E402B69025300EA9C61 /* Build configuration list for PBXProject "wakku" */;
			compatibilityVersion = "Xcode 14.0";
			developmentRegion = en;
			hasScannedForEncodings = 0;
			knownRegions = (
				en,
				Base,
			);
			mainGroup = DBBD7E3C2B69025300EA9C61;
			productRefGroup = DBBD7E462B69025300EA9C61 /* Products */;
			projectDirPath = "";
			projectRoot = "";
			targets = (
				DBBD7E442B69025300EA9C61 /* wakku */,
			);
		};
/* End PBXProject section */

/* Begin PBXResourcesBuildPhase section */
		DBBD7E432B69025300EA9C61 /* Resources */ = {
			isa = PBXResourcesBuildPhase;
			buildActionMask = 2147483647;
			files = (
				DBBD7E502B69025300EA9C61 /* Preview Assets.xcassets in Resources */,
				DBBD7E4D2B69025300EA9C61 /* Assets.xcassets in Resources */,
			);
			runOnlyForDeploymentPostprocessing = 0;
		};
/* End PBXResourcesBuildPhase section */

/* Begin PBXSourcesBuildPhase section */
		DBBD7E412B69025300EA9C61 /* Sources */ = {
			isa = PBXSourcesBuildPhase;
			buildActionMask = 2147483647;
			files = (
				DB46C2352B6A800C00303877 /* DatabaseMigrationPlan.swift in Sources */,
				DBBD7E5D2B69056900EA9C61 /* SwiftData+TypeAliases.swift in Sources */,
				DB46C2332B6A7F9700303877 /* ModelSchemaV2.swift in Sources */,
				DBBD7E612B69095800EA9C61 /* VideoListView.swift in Sources */,
				DBBD7E632B690D0B00EA9C61 /* VideosView.swift in Sources */,
				DBBD7E492B69025300EA9C61 /* wakkuApp.swift in Sources */,
				DBBD7E5F2B6906CF00EA9C61 /* EditVideoView.swift in Sources */,
				DBBD7E5B2B6903E400EA9C61 /* ModelSchemaV1.swift in Sources */,
			);
			runOnlyForDeploymentPostprocessing = 0;
		};
/* End PBXSourcesBuildPhase section */

/* Begin XCBuildConfiguration section */
		DBBD7E512B69025300EA9C61 /* Debug */ = {
			isa = XCBuildConfiguration;
			buildSettings = {
				ALWAYS_SEARCH_USER_PATHS = NO;
				ASSETCATALOG_COMPILER_GENERATE_SWIFT_ASSET_SYMBOL_EXTENSIONS = YES;
				CLANG_ANALYZER_NONNULL = YES;
				CLANG_ANALYZER_NUMBER_OBJECT_CONVERSION = YES_AGGRESSIVE;
				CLANG_CXX_LANGUAGE_STANDARD = "gnu++20";
				CLANG_ENABLE_MODULES = YES;
				CLANG_ENABLE_OBJC_ARC = YES;
				CLANG_ENABLE_OBJC_WEAK = YES;
				CLANG_WARN_BLOCK_CAPTURE_AUTORELEASING = YES;
				CLANG_WARN_BOOL_CONVERSION = YES;
				CLANG_WARN_COMMA = YES;
				CLANG_WARN_CONSTANT_CONVERSION = YES;
				CLANG_WARN_DEPRECATED_OBJC_IMPLEMENTATIONS = YES;
				CLANG_WARN_DIRECT_OBJC_ISA_USAGE = YES_ERROR;
				CLANG_WARN_DOCUMENTATION_COMMENTS = YES;
				CLANG_WARN_EMPTY_BODY = YES;
				CLANG_WARN_ENUM_CONVERSION = YES;
				CLANG_WARN_INFINITE_RECURSION = YES;
				CLANG_WARN_INT_CONVERSION = YES;
				CLANG_WARN_NON_LITERAL_NULL_CONVERSION = YES;
				CLANG_WARN_OBJC_IMPLICIT_RETAIN_SELF = YES;
				CLANG_WARN_OBJC_LITERAL_CONVERSION = YES;
				CLANG_WARN_OBJC_ROOT_CLASS = YES_ERROR;
				CLANG_WARN_QUOTED_INCLUDE_IN_FRAMEWORK_HEADER = YES;
				CLANG_WARN_RANGE_LOOP_ANALYSIS = YES;
				CLANG_WARN_STRICT_PROTOTYPES = YES;
				CLANG_WARN_SUSPICIOUS_MOVE = YES;
				CLANG_WARN_UNGUARDED_AVAILABILITY = YES_AGGRESSIVE;
				CLANG_WARN_UNREACHABLE_CODE = YES;
				CLANG_WARN__DUPLICATE_METHOD_MATCH = YES;
				COPY_PHASE_STRIP = NO;
				DEBUG_INFORMATION_FORMAT = dwarf;
				ENABLE_STRICT_OBJC_MSGSEND = YES;
				ENABLE_TESTABILITY = YES;
				ENABLE_USER_SCRIPT_SANDBOXING = YES;
				GCC_C_LANGUAGE_STANDARD = gnu17;
				GCC_DYNAMIC_NO_PIC = NO;
				GCC_NO_COMMON_BLOCKS = YES;
				GCC_OPTIMIZATION_LEVEL = 0;
				GCC_PREPROCESSOR_DEFINITIONS = (
					"DEBUG=1",
					"$(inherited)",
				);
				GCC_WARN_64_TO_32_BIT_CONVERSION = YES;
				GCC_WARN_ABOUT_RETURN_TYPE = YES_ERROR;
				GCC_WARN_UNDECLARED_SELECTOR = YES;
				GCC_WARN_UNINITIALIZED_AUTOS = YES_AGGRESSIVE;
				GCC_WARN_UNUSED_FUNCTION = YES;
				GCC_WARN_UNUSED_VARIABLE = YES;
				IPHONEOS_DEPLOYMENT_TARGET = 17.2;
				LOCALIZATION_PREFERS_STRING_CATALOGS = YES;
				MTL_ENABLE_DEBUG_INFO = INCLUDE_SOURCE;
				MTL_FAST_MATH = YES;
				ONLY_ACTIVE_ARCH = YES;
				SDKROOT = iphoneos;
				SWIFT_ACTIVE_COMPILATION_CONDITIONS = "DEBUG $(inherited)";
				SWIFT_OPTIMIZATION_LEVEL = "-Onone";
			};
			name = Debug;
		};
		DBBD7E522B69025300EA9C61 /* Release */ = {
			isa = XCBuildConfiguration;
			buildSettings = {
				ALWAYS_SEARCH_USER_PATHS = NO;
				ASSETCATALOG_COMPILER_GENERATE_SWIFT_ASSET_SYMBOL_EXTENSIONS = YES;
				CLANG_ANALYZER_NONNULL = YES;
				CLANG_ANALYZER_NUMBER_OBJECT_CONVERSION = YES_AGGRESSIVE;
				CLANG_CXX_LANGUAGE_STANDARD = "gnu++20";
				CLANG_ENABLE_MODULES = YES;
				CLANG_ENABLE_OBJC_ARC = YES;
				CLANG_ENABLE_OBJC_WEAK = YES;
				CLANG_WARN_BLOCK_CAPTURE_AUTORELEASING = YES;
				CLANG_WARN_BOOL_CONVERSION = YES;
				CLANG_WARN_COMMA = YES;
				CLANG_WARN_CONSTANT_CONVERSION = YES;
				CLANG_WARN_DEPRECATED_OBJC_IMPLEMENTATIONS = YES;
				CLANG_WARN_DIRECT_OBJC_ISA_USAGE = YES_ERROR;
				CLANG_WARN_DOCUMENTATION_COMMENTS = YES;
				CLANG_WARN_EMPTY_BODY = YES;
				CLANG_WARN_ENUM_CONVERSION = YES;
				CLANG_WARN_INFINITE_RECURSION = YES;
				CLANG_WARN_INT_CONVERSION = YES;
				CLANG_WARN_NON_LITERAL_NULL_CONVERSION = YES;
				CLANG_WARN_OBJC_IMPLICIT_RETAIN_SELF = YES;
				CLANG_WARN_OBJC_LITERAL_CONVERSION = YES;
				CLANG_WARN_OBJC_ROOT_CLASS = YES_ERROR;
				CLANG_WARN_QUOTED_INCLUDE_IN_FRAMEWORK_HEADER = YES;
				CLANG_WARN_RANGE_LOOP_ANALYSIS = YES;
				CLANG_WARN_STRICT_PROTOTYPES = YES;
				CLANG_WARN_SUSPICIOUS_MOVE = YES;
				CLANG_WARN_UNGUARDED_AVAILABILITY = YES_AGGRESSIVE;
				CLANG_WARN_UNREACHABLE_CODE = YES;
				CLANG_WARN__DUPLICATE_METHOD_MATCH = YES;
				COPY_PHASE_STRIP = NO;
				DEBUG_INFORMATION_FORMAT = "dwarf-with-dsym";
				ENABLE_NS_ASSERTIONS = NO;
				ENABLE_STRICT_OBJC_MSGSEND = YES;
				ENABLE_USER_SCRIPT_SANDBOXING = YES;
				GCC_C_LANGUAGE_STANDARD = gnu17;
				GCC_NO_COMMON_BLOCKS = YES;
				GCC_WARN_64_TO_32_BIT_CONVERSION = YES;
				GCC_WARN_ABOUT_RETURN_TYPE = YES_ERROR;
				GCC_WARN_UNDECLARED_SELECTOR = YES;
				GCC_WARN_UNINITIALIZED_AUTOS = YES_AGGRESSIVE;
				GCC_WARN_UNUSED_FUNCTION = YES;
				GCC_WARN_UNUSED_VARIABLE = YES;
				IPHONEOS_DEPLOYMENT_TARGET = 17.2;
				LOCALIZATION_PREFERS_STRING_CATALOGS = YES;
				MTL_ENABLE_DEBUG_INFO = NO;
				MTL_FAST_MATH = YES;
				SDKROOT = iphoneos;
				SWIFT_COMPILATION_MODE = wholemodule;
				VALIDATE_PRODUCT = YES;
			};
			name = Release;
		};
		DBBD7E542B69025300EA9C61 /* Debug */ = {
			isa = XCBuildConfiguration;
			buildSettings = {
				ASSETCATALOG_COMPILER_APPICON_NAME = AppIcon;
				ASSETCATALOG_COMPILER_GLOBAL_ACCENT_COLOR_NAME = AccentColor;
				CODE_SIGN_STYLE = Automatic;
				CURRENT_PROJECT_VERSION = 1;
				DEVELOPMENT_ASSET_PATHS = "\"wakku/Preview Content\"";
				DEVELOPMENT_TEAM = 7XR2AH9GQB;
				ENABLE_PREVIEWS = YES;
				GENERATE_INFOPLIST_FILE = YES;
				INFOPLIST_KEY_UIApplicationSceneManifest_Generation = YES;
				INFOPLIST_KEY_UIApplicationSupportsIndirectInputEvents = YES;
				INFOPLIST_KEY_UILaunchScreen_Generation = YES;
				INFOPLIST_KEY_UISupportedInterfaceOrientations_iPad = "UIInterfaceOrientationPortrait UIInterfaceOrientationPortraitUpsideDown UIInterfaceOrientationLandscapeLeft UIInterfaceOrientationLandscapeRight";
				INFOPLIST_KEY_UISupportedInterfaceOrientations_iPhone = "UIInterfaceOrientationPortrait UIInterfaceOrientationLandscapeLeft UIInterfaceOrientationLandscapeRight";
				LD_RUNPATH_SEARCH_PATHS = (
					"$(inherited)",
					"@executable_path/Frameworks",
				);
				MARKETING_VERSION = 1.0;
				PRODUCT_BUNDLE_IDENTIFIER = com.zbornak.wakku;
				PRODUCT_NAME = "$(TARGET_NAME)";
				SWIFT_EMIT_LOC_STRINGS = YES;
				SWIFT_VERSION = 5.0;
				TARGETED_DEVICE_FAMILY = "1,2";
			};
			name = Debug;
		};
		DBBD7E552B69025300EA9C61 /* Release */ = {
			isa = XCBuildConfiguration;
			buildSettings = {
				ASSETCATALOG_COMPILER_APPICON_NAME = AppIcon;
				ASSETCATALOG_COMPILER_GLOBAL_ACCENT_COLOR_NAME = AccentColor;
				CODE_SIGN_STYLE = Automatic;
				CURRENT_PROJECT_VERSION = 1;
				DEVELOPMENT_ASSET_PATHS = "\"wakku/Preview Content\"";
				DEVELOPMENT_TEAM = 7XR2AH9GQB;
				ENABLE_PREVIEWS = YES;
				GENERATE_INFOPLIST_FILE = YES;
				INFOPLIST_KEY_UIApplicationSceneManifest_Generation = YES;
				INFOPLIST_KEY_UIApplicationSupportsIndirectInputEvents = YES;
				INFOPLIST_KEY_UILaunchScreen_Generation = YES;
				INFOPLIST_KEY_UISupportedInterfaceOrientations_iPad = "UIInterfaceOrientationPortrait UIInterfaceOrientationPortraitUpsideDown UIInterfaceOrientationLandscapeLeft UIInterfaceOrientationLandscapeRight";
				INFOPLIST_KEY_UISupportedInterfaceOrientations_iPhone = "UIInterfaceOrientationPortrait UIInterfaceOrientationLandscapeLeft UIInterfaceOrientationLandscapeRight";
				LD_RUNPATH_SEARCH_PATHS = (
					"$(inherited)",
					"@executable_path/Frameworks",
				);
				MARKETING_VERSION = 1.0;
				PRODUCT_BUNDLE_IDENTIFIER = com.zbornak.wakku;
				PRODUCT_NAME = "$(TARGET_NAME)";
				SWIFT_EMIT_LOC_STRINGS = YES;
				SWIFT_VERSION = 5.0;
				TARGETED_DEVICE_FAMILY = "1,2";
			};
			name = Release;
		};
/* End XCBuildConfiguration section */

/* Begin XCConfigurationList section */
		DBBD7E402B69025300EA9C61 /* Build configuration list for PBXProject "wakku" */ = {
			isa = XCConfigurationList;
			buildConfigurations = (
				DBBD7E512B69025300EA9C61 /* Debug */,
				DBBD7E522B69025300EA9C61 /* Release */,
			);
			defaultConfigurationIsVisible = 0;
			defaultConfigurationName = Release;
		};
		DBBD7E532B69025300EA9C61 /* Build configuration list for PBXNativeTarget "wakku" */ = {
			isa = XCConfigurationList;
			buildConfigurations = (
				DBBD7E542B69025300EA9C61 /* Debug */,
				DBBD7E552B69025300EA9C61 /* Release */,
			);
			defaultConfigurationIsVisible = 0;
			defaultConfigurationName = Release;
		};
/* End XCConfigurationList section */
	};
	rootObject = DBBD7E3D2B69025300EA9C61 /* Project object */;
}
